
Microsoft Visual Studio Solution File, Format Version 12.00
# Visual Studio Version 16
VisualStudioVersion = 16.0.29102.190
MinimumVisualStudioVersion = 10.0.40219.1
Project("{FAE04EC0-301F-11D3-BF4B-00C04F79EFBC}") = "Space Game", "Space Game.csproj", "{134D0B29-B01B-4BAE-B27E-BA42624C5324}"
EndProject
Global
	GlobalSection(SolutionConfigurationPlatforms) = preSolution
		Debug|Any CPU = Debug|Any CPU
		Release|Any CPU = Release|Any CPU
	EndGlobalSection
	GlobalSection(ProjectConfigurationPlatforms) = postSolution
		{134D0B29-B01B-4BAE-B27E-BA42624C5324}.Debug|Any CPU.ActiveCfg = Debug|Any CPU
		{134D0B29-B01B-4BAE-B27E-BA42624C5324}.Debug|Any CPU.Build.0 = Debug|Any CPU
		{134D0B29-B01B-4BAE-B27E-BA42624C5324}.Release|Any CPU.ActiveCfg = Release|Any CPU
		{134D0B29-B01B-4BAE-B27E-BA42624C5324}.Release|Any CPU.Build.0 = Release|Any CPU
	EndGlobalSection
	GlobalSection(SolutionProperties) = preSolution
		HideSolutionNode = FALSE
	EndGlobalSection
	GlobalSection(ExtensibilityGlobals) = postSolution
		SolutionGuid = {A898DD09-B6B6-4F4A-8951-94369EBE568F}
	EndGlobalSection
EndGlobal
